
Microsoft Visual Studio Solution File, Format Version 12.00
# Visual Studio Version 16
VisualStudioVersion = 16.0.32228.343
MinimumVisualStudioVersion = 10.0.40219.1
Project("{FAE04EC0-301F-11D3-BF4B-00C04F79EFBC}") = "wsFacturas", "wsFacturas.csproj", "{29DCE8DD-B3A7-4459-9A8E-FA1859E1B7AE}"
EndProject
Project("{FAE04EC0-301F-11D3-BF4B-00C04F79EFBC}") = "siteFacturas", "..\siteFacturas\siteFacturas.csproj", "{A737F1F3-F165-401E-9FBC-EFAD68F9FFCD}"
EndProject
Global
	GlobalSection(SolutionConfigurationPlatforms) = preSolution
		Debug|Any CPU = Debug|Any CPU
		Release|Any CPU = Release|Any CPU
	EndGlobalSection
	GlobalSection(ProjectConfigurationPlatforms) = postSolution
		{29DCE8DD-B3A7-4459-9A8E-FA1859E1B7AE}.Debug|Any CPU.ActiveCfg = Debug|Any CPU
		{29DCE8DD-B3A7-4459-9A8E-FA1859E1B7AE}.Debug|Any CPU.Build.0 = Debug|Any CPU
		{29DCE8DD-B3A7-4459-9A8E-FA1859E1B7AE}.Release|Any CPU.ActiveCfg = Release|Any CPU
		{29DCE8DD-B3A7-4459-9A8E-FA1859E1B7AE}.Release|Any CPU.Build.0 = Release|Any CPU
		{A737F1F3-F165-401E-9FBC-EFAD68F9FFCD}.Debug|Any CPU.ActiveCfg = Debug|Any CPU
		{A737F1F3-F165-401E-9FBC-EFAD68F9FFCD}.Debug|Any CPU.Build.0 = Debug|Any CPU
		{A737F1F3-F165-401E-9FBC-EFAD68F9FFCD}.Release|Any CPU.ActiveCfg = Release|Any CPU
		{A737F1F3-F165-401E-9FBC-EFAD68F9FFCD}.Release|Any CPU.Build.0 = Release|Any CPU
	EndGlobalSection
	GlobalSection(SolutionProperties) = preSolution
		HideSolutionNode = FALSE
	EndGlobalSection
	GlobalSection(ExtensibilityGlobals) = postSolution
		SolutionGuid = {F39F65EC-CE5D-45D6-B600-4032BD147F4D}
	EndGlobalSection
EndGlobal
